
Microsoft Visual Studio Solution File, Format Version 12.00
# Visual Studio Version 16
VisualStudioVersion = 16.0.31515.178
MinimumVisualStudioVersion = 10.0.40219.1
Project("{FAE04EC0-301F-11D3-BF4B-00C04F79EFBC}") = "Biblioteca", "Biblioteca\Biblioteca.csproj", "{B5FA32A7-A509-4E83-A666-A06DBB2EE4E9}"
EndProject
Project("{FAE04EC0-301F-11D3-BF4B-00C04F79EFBC}") = "Vista", "Vista\Vista.csproj", "{BD20BE75-4678-408A-9649-ACE95C96F850}"
EndProject
Global
	GlobalSection(SolutionConfigurationPlatforms) = preSolution
		Debug|Any CPU = Debug|Any CPU
		Release|Any CPU = Release|Any CPU
	EndGlobalSection
	GlobalSection(ProjectConfigurationPlatforms) = postSolution
		{B5FA32A7-A509-4E83-A666-A06DBB2EE4E9}.Debug|Any CPU.ActiveCfg = Debug|Any CPU
		{B5FA32A7-A509-4E83-A666-A06DBB2EE4E9}.Debug|Any CPU.Build.0 = Debug|Any CPU
		{B5FA32A7-A509-4E83-A666-A06DBB2EE4E9}.Release|Any CPU.ActiveCfg = Release|Any CPU
		{B5FA32A7-A509-4E83-A666-A06DBB2EE4E9}.Release|Any CPU.Build.0 = Release|Any CPU
		{BD20BE75-4678-408A-9649-ACE95C96F850}.Debug|Any CPU.ActiveCfg = Debug|Any CPU
		{BD20BE75-4678-408A-9649-ACE95C96F850}.Debug|Any CPU.Build.0 = Debug|Any CPU
		{BD20BE75-4678-408A-9649-ACE95C96F850}.Release|Any CPU.ActiveCfg = Release|Any CPU
		{BD20BE75-4678-408A-9649-ACE95C96F850}.Release|Any CPU.Build.0 = Release|Any CPU
	EndGlobalSection
	GlobalSection(SolutionProperties) = preSolution
		HideSolutionNode = FALSE
	EndGlobalSection
	GlobalSection(ExtensibilityGlobals) = postSolution
		SolutionGuid = {ACDD0748-5B7B-41F2-8EA0-386F95F64697}
	EndGlobalSection
EndGlobal
