
Microsoft Visual Studio Solution File, Format Version 12.00
# Visual Studio Version 16
VisualStudioVersion = 16.0.31515.178
MinimumVisualStudioVersion = 10.0.40219.1
Project("{FAE04EC0-301F-11D3-BF4B-00C04F79EFBC}") = "Clase02_EjercicioI01", "Clase02_EjercicioI01\Clase02_EjercicioI01.csproj", "{AD21D4C5-D03E-46B5-90F9-A10B7189E88F}"
EndProject
Project("{FAE04EC0-301F-11D3-BF4B-00C04F79EFBC}") = "Biblioteca", "Biblioteca\Biblioteca.csproj", "{8A5726FB-5C99-4B2F-B351-3B94EC0C794D}"
EndProject
Global
	GlobalSection(SolutionConfigurationPlatforms) = preSolution
		Debug|Any CPU = Debug|Any CPU
		Release|Any CPU = Release|Any CPU
	EndGlobalSection
	GlobalSection(ProjectConfigurationPlatforms) = postSolution
		{AD21D4C5-D03E-46B5-90F9-A10B7189E88F}.Debug|Any CPU.ActiveCfg = Debug|Any CPU
		{AD21D4C5-D03E-46B5-90F9-A10B7189E88F}.Debug|Any CPU.Build.0 = Debug|Any CPU
		{AD21D4C5-D03E-46B5-90F9-A10B7189E88F}.Release|Any CPU.ActiveCfg = Release|Any CPU
		{AD21D4C5-D03E-46B5-90F9-A10B7189E88F}.Release|Any CPU.Build.0 = Release|Any CPU
		{8A5726FB-5C99-4B2F-B351-3B94EC0C794D}.Debug|Any CPU.ActiveCfg = Debug|Any CPU
		{8A5726FB-5C99-4B2F-B351-3B94EC0C794D}.Debug|Any CPU.Build.0 = Debug|Any CPU
		{8A5726FB-5C99-4B2F-B351-3B94EC0C794D}.Release|Any CPU.ActiveCfg = Release|Any CPU
		{8A5726FB-5C99-4B2F-B351-3B94EC0C794D}.Release|Any CPU.Build.0 = Release|Any CPU
	EndGlobalSection
	GlobalSection(SolutionProperties) = preSolution
		HideSolutionNode = FALSE
	EndGlobalSection
	GlobalSection(ExtensibilityGlobals) = postSolution
		SolutionGuid = {2B5A2081-A966-41D1-802A-7A05E4243795}
	EndGlobalSection
EndGlobal
